// !$*UTF8*$!
{
	archiveVersion = 1;
	classes = {
	};
	objectVersion = 50;
	objects = {

/* Begin PBXBuildFile section */
		1F1D1DA021A08D2D00C5D423 /* Registration.storyboard in Resources */ = {isa = PBXBuildFile; fileRef = 1F1D1D9F21A08D2D00C5D423 /* Registration.storyboard */; };
		1F1D1DA221A08DB100C5D423 /* RegistrationViewController.swift in Sources */ = {isa = PBXBuildFile; fileRef = 1F1D1DA121A08DB100C5D423 /* RegistrationViewController.swift */; };
		1FB70B8421A0BFDA00FEF914 /* RegistrationRecordViewController.swift in Sources */ = {isa = PBXBuildFile; fileRef = 1FB70B8321A0BFDA00FEF914 /* RegistrationRecordViewController.swift */; };
		1FE6B47C21A121A900CE2095 /* Reminder.storyboard in Resources */ = {isa = PBXBuildFile; fileRef = 1FE6B47B21A121A900CE2095 /* Reminder.storyboard */; };
		1FF4E7AE219FE1B70020E9CC /* AppDelegate.swift in Sources */ = {isa = PBXBuildFile; fileRef = 1FF4E7AD219FE1B70020E9CC /* AppDelegate.swift */; };
		1FF4E7B3219FE1B70020E9CC /* Main.storyboard in Resources */ = {isa = PBXBuildFile; fileRef = 1FF4E7B1219FE1B70020E9CC /* Main.storyboard */; };
		1FF4E7B5219FE1BA0020E9CC /* Assets.xcassets in Resources */ = {isa = PBXBuildFile; fileRef = 1FF4E7B4219FE1BA0020E9CC /* Assets.xcassets */; };
		1FF4E7B8219FE1BA0020E9CC /* LaunchScreen.storyboard in Resources */ = {isa = PBXBuildFile; fileRef = 1FF4E7B6219FE1BA0020E9CC /* LaunchScreen.storyboard */; };
		1FF4E7C2219FEE760020E9CC /* MainViewController.swift in Sources */ = {isa = PBXBuildFile; fileRef = 1FF4E7C1219FEE760020E9CC /* MainViewController.swift */; };
		D217AA22219FFC63001C42CA /* Login.storyboard in Resources */ = {isa = PBXBuildFile; fileRef = D217AA21219FFC63001C42CA /* Login.storyboard */; };
		D217AA24219FFDA6001C42CA /* LoginViewController.swift in Sources */ = {isa = PBXBuildFile; fileRef = D217AA23219FFDA6001C42CA /* LoginViewController.swift */; };
		D217AA3221A045F3001C42CA /* Recovery.storyboard in Resources */ = {isa = PBXBuildFile; fileRef = D217AA3121A045F3001C42CA /* Recovery.storyboard */; };
		D217AA3421A04BCC001C42CA /* RecoveryViewController.swift in Sources */ = {isa = PBXBuildFile; fileRef = D217AA3321A04BCC001C42CA /* RecoveryViewController.swift */; };
		D2F7734A21A12C4A00F96182 /* API.swift in Sources */ = {isa = PBXBuildFile; fileRef = D2F7734921A12C4A00F96182 /* API.swift */; };
		D2F7734C21A12C9F00F96182 /* URLEncoded.swift in Sources */ = {isa = PBXBuildFile; fileRef = D2F7734B21A12C9F00F96182 /* URLEncoded.swift */; };
		D2F7734E21A1300800F96182 /* RegistrationCompleteViewController.swift in Sources */ = {isa = PBXBuildFile; fileRef = D2F7734D21A1300800F96182 /* RegistrationCompleteViewController.swift */; };
		D2F7735421A141FD00F96182 /* ReminderViewController.swift in Sources */ = {isa = PBXBuildFile; fileRef = D2F7735321A141FD00F96182 /* ReminderViewController.swift */; };
		D2F7735721A1432800F96182 /* Logic.swift in Sources */ = {isa = PBXBuildFile; fileRef = D2F7735621A1432800F96182 /* Logic.swift */; };
		D2F7735D21A14FFF00F96182 /* NavigationViewController.swift in Sources */ = {isa = PBXBuildFile; fileRef = D2F7735C21A14FFF00F96182 /* NavigationViewController.swift */; };
		D2F7736021A15C2400F96182 /* RecoveryCompleteViewController.swift in Sources */ = {isa = PBXBuildFile; fileRef = D2F7735E21A15C2300F96182 /* RecoveryCompleteViewController.swift */; };
		D2F7736121A15C2400F96182 /* RecoveryRecordViewController.swift in Sources */ = {isa = PBXBuildFile; fileRef = D2F7735F21A15C2300F96182 /* RecoveryRecordViewController.swift */; };
		D2F7736321A164C600F96182 /* KeyboardDismissUIViewControllerExtension.swift in Sources */ = {isa = PBXBuildFile; fileRef = D2F7736221A164C500F96182 /* KeyboardDismissUIViewControllerExtension.swift */; };
/* End PBXBuildFile section */

/* Begin PBXFileReference section */
		1F1D1D9F21A08D2D00C5D423 /* Registration.storyboard */ = {isa = PBXFileReference; lastKnownFileType = file.storyboard; path = Registration.storyboard; sourceTree = "<group>"; };
		1F1D1DA121A08DB100C5D423 /* RegistrationViewController.swift */ = {isa = PBXFileReference; lastKnownFileType = sourcecode.swift; path = RegistrationViewController.swift; sourceTree = "<group>"; };
		1FB70B8321A0BFDA00FEF914 /* RegistrationRecordViewController.swift */ = {isa = PBXFileReference; lastKnownFileType = sourcecode.swift; path = RegistrationRecordViewController.swift; sourceTree = "<group>"; };
		1FE6B47B21A121A900CE2095 /* Reminder.storyboard */ = {isa = PBXFileReference; lastKnownFileType = file.storyboard; path = Reminder.storyboard; sourceTree = "<group>"; };
		1FF4E7AA219FE1B70020E9CC /* rosbank_techmadness.app */ = {isa = PBXFileReference; explicitFileType = wrapper.application; includeInIndex = 0; path = rosbank_techmadness.app; sourceTree = BUILT_PRODUCTS_DIR; };
		1FF4E7AD219FE1B70020E9CC /* AppDelegate.swift */ = {isa = PBXFileReference; lastKnownFileType = sourcecode.swift; path = AppDelegate.swift; sourceTree = "<group>"; };
		1FF4E7B2219FE1B70020E9CC /* Base */ = {isa = PBXFileReference; lastKnownFileType = file.storyboard; name = Base; path = Base.lproj/Main.storyboard; sourceTree = "<group>"; };
		1FF4E7B4219FE1BA0020E9CC /* Assets.xcassets */ = {isa = PBXFileReference; lastKnownFileType = folder.assetcatalog; path = Assets.xcassets; sourceTree = "<group>"; };
		1FF4E7B7219FE1BA0020E9CC /* Base */ = {isa = PBXFileReference; lastKnownFileType = file.storyboard; name = Base; path = Base.lproj/LaunchScreen.storyboard; sourceTree = "<group>"; };
		1FF4E7B9219FE1BA0020E9CC /* Info.plist */ = {isa = PBXFileReference; lastKnownFileType = text.plist.xml; path = Info.plist; sourceTree = "<group>"; };
		1FF4E7C1219FEE760020E9CC /* MainViewController.swift */ = {isa = PBXFileReference; lastKnownFileType = sourcecode.swift; path = MainViewController.swift; sourceTree = "<group>"; };
		D217AA21219FFC63001C42CA /* Login.storyboard */ = {isa = PBXFileReference; fileEncoding = 4; lastKnownFileType = file.storyboard; path = Login.storyboard; sourceTree = "<group>"; };
		D217AA23219FFDA6001C42CA /* LoginViewController.swift */ = {isa = PBXFileReference; lastKnownFileType = sourcecode.swift; path = LoginViewController.swift; sourceTree = "<group>"; };
		D217AA3121A045F3001C42CA /* Recovery.storyboard */ = {isa = PBXFileReference; lastKnownFileType = file.storyboard; path = Recovery.storyboard; sourceTree = "<group>"; };
		D217AA3321A04BCC001C42CA /* RecoveryViewController.swift */ = {isa = PBXFileReference; lastKnownFileType = sourcecode.swift; path = RecoveryViewController.swift; sourceTree = "<group>"; };
		D2F7734921A12C4A00F96182 /* API.swift */ = {isa = PBXFileReference; fileEncoding = 4; lastKnownFileType = sourcecode.swift; path = API.swift; sourceTree = "<group>"; };
		D2F7734B21A12C9F00F96182 /* URLEncoded.swift */ = {isa = PBXFileReference; fileEncoding = 4; lastKnownFileType = sourcecode.swift; path = URLEncoded.swift; sourceTree = "<group>"; };
		D2F7734D21A1300800F96182 /* RegistrationCompleteViewController.swift */ = {isa = PBXFileReference; lastKnownFileType = sourcecode.swift; path = RegistrationCompleteViewController.swift; sourceTree = "<group>"; };
		D2F7735321A141FD00F96182 /* ReminderViewController.swift */ = {isa = PBXFileReference; lastKnownFileType = sourcecode.swift; path = ReminderViewController.swift; sourceTree = "<group>"; };
		D2F7735621A1432800F96182 /* Logic.swift */ = {isa = PBXFileReference; lastKnownFileType = sourcecode.swift; path = Logic.swift; sourceTree = "<group>"; };
		D2F7735C21A14FFF00F96182 /* NavigationViewController.swift */ = {isa = PBXFileReference; lastKnownFileType = sourcecode.swift; path = NavigationViewController.swift; sourceTree = "<group>"; };
		D2F7735E21A15C2300F96182 /* RecoveryCompleteViewController.swift */ = {isa = PBXFileReference; lastKnownFileType = sourcecode.swift; path = RecoveryCompleteViewController.swift; sourceTree = "<group>"; };
		D2F7735F21A15C2300F96182 /* RecoveryRecordViewController.swift */ = {isa = PBXFileReference; lastKnownFileType = sourcecode.swift; path = RecoveryRecordViewController.swift; sourceTree = "<group>"; };
		D2F7736221A164C500F96182 /* KeyboardDismissUIViewControllerExtension.swift */ = {isa = PBXFileReference; fileEncoding = 4; lastKnownFileType = sourcecode.swift; path = KeyboardDismissUIViewControllerExtension.swift; sourceTree = "<group>"; };
/* End PBXFileReference section */

/* Begin PBXFrameworksBuildPhase section */
		1FF4E7A7219FE1B70020E9CC /* Frameworks */ = {
			isa = PBXFrameworksBuildPhase;
			buildActionMask = 2147483647;
			files = (
			);
			runOnlyForDeploymentPostprocessing = 0;
		};
/* End PBXFrameworksBuildPhase section */

/* Begin PBXGroup section */
		1FF4E7A1219FE1B70020E9CC = {
			isa = PBXGroup;
			children = (
				1FF4E7AC219FE1B70020E9CC /* rosbank_techmadness */,
				1FF4E7AB219FE1B70020E9CC /* Products */,
			);
			sourceTree = "<group>";
		};
		1FF4E7AB219FE1B70020E9CC /* Products */ = {
			isa = PBXGroup;
			children = (
				1FF4E7AA219FE1B70020E9CC /* rosbank_techmadness.app */,
			);
			name = Products;
			sourceTree = "<group>";
		};
		1FF4E7AC219FE1B70020E9CC /* rosbank_techmadness */ = {
			isa = PBXGroup;
			children = (
				D2F7735521A1425500F96182 /* Extensions */,
				D2F7735221A13FEB00F96182 /* Recovery */,
				D2F7735121A13FD100F96182 /* Login */,
				D2F7735021A13E2F00F96182 /* Reminder */,
				D2F7734F21A13D9D00F96182 /* Registration */,
				D2F7734921A12C4A00F96182 /* API.swift */,
				D2F7736221A164C500F96182 /* KeyboardDismissUIViewControllerExtension.swift */,
				1FF4E7AD219FE1B70020E9CC /* AppDelegate.swift */,
				1FF4E7C1219FEE760020E9CC /* MainViewController.swift */,
				1FF4E7B1219FE1B70020E9CC /* Main.storyboard */,
				1FF4E7B4219FE1BA0020E9CC /* Assets.xcassets */,
				1FF4E7B6219FE1BA0020E9CC /* LaunchScreen.storyboard */,
				1FF4E7B9219FE1BA0020E9CC /* Info.plist */,
				D2F7735621A1432800F96182 /* Logic.swift */,
				D2F7735C21A14FFF00F96182 /* NavigationViewController.swift */,
			);
			path = rosbank_techmadness;
			sourceTree = "<group>";
		};
		D2F7734F21A13D9D00F96182 /* Registration */ = {
			isa = PBXGroup;
			children = (
				1F1D1D9F21A08D2D00C5D423 /* Registration.storyboard */,
				1F1D1DA121A08DB100C5D423 /* RegistrationViewController.swift */,
				1FB70B8321A0BFDA00FEF914 /* RegistrationRecordViewController.swift */,
				D2F7734D21A1300800F96182 /* RegistrationCompleteViewController.swift */,
			);
			path = Registration;
			sourceTree = "<group>";
		};
		D2F7735021A13E2F00F96182 /* Reminder */ = {
			isa = PBXGroup;
			children = (
				D2F7735321A141FD00F96182 /* ReminderViewController.swift */,
				1FE6B47B21A121A900CE2095 /* Reminder.storyboard */,
			);
			path = Reminder;
			sourceTree = "<group>";
		};
		D2F7735121A13FD100F96182 /* Login */ = {
			isa = PBXGroup;
			children = (
				D217AA21219FFC63001C42CA /* Login.storyboard */,
				D217AA23219FFDA6001C42CA /* LoginViewController.swift */,
			);
			path = Login;
			sourceTree = "<group>";
		};
		D2F7735221A13FEB00F96182 /* Recovery */ = {
			isa = PBXGroup;
			children = (
				D217AA3321A04BCC001C42CA /* RecoveryViewController.swift */,
				D2F7735F21A15C2300F96182 /* RecoveryRecordViewController.swift */,
				D2F7735E21A15C2300F96182 /* RecoveryCompleteViewController.swift */,
				D217AA3121A045F3001C42CA /* Recovery.storyboard */,
			);
			path = Recovery;
			sourceTree = "<group>";
		};
		D2F7735521A1425500F96182 /* Extensions */ = {
			isa = PBXGroup;
			children = (
				D2F7734B21A12C9F00F96182 /* URLEncoded.swift */,
			);
			path = Extensions;
			sourceTree = "<group>";
		};
/* End PBXGroup section */

/* Begin PBXNativeTarget section */
		1FF4E7A9219FE1B70020E9CC /* rosbank_techmadness */ = {
			isa = PBXNativeTarget;
			buildConfigurationList = 1FF4E7BC219FE1BA0020E9CC /* Build configuration list for PBXNativeTarget "rosbank_techmadness" */;
			buildPhases = (
				1FF4E7A6219FE1B70020E9CC /* Sources */,
				1FF4E7A7219FE1B70020E9CC /* Frameworks */,
				1FF4E7A8219FE1B70020E9CC /* Resources */,
			);
			buildRules = (
			);
			dependencies = (
			);
			name = rosbank_techmadness;
			productName = rosbank_techmadness;
			productReference = 1FF4E7AA219FE1B70020E9CC /* rosbank_techmadness.app */;
			productType = "com.apple.product-type.application";
		};
/* End PBXNativeTarget section */

/* Begin PBXProject section */
		1FF4E7A2219FE1B70020E9CC /* Project object */ = {
			isa = PBXProject;
			attributes = {
				LastSwiftUpdateCheck = 1000;
				LastUpgradeCheck = 1000;
				ORGANIZATIONNAME = "Ибрагим Мамадаев";
				TargetAttributes = {
					1FF4E7A9219FE1B70020E9CC = {
						CreatedOnToolsVersion = 10.0;
					};
				};
			};
			buildConfigurationList = 1FF4E7A5219FE1B70020E9CC /* Build configuration list for PBXProject "rosbank_techmadness" */;
			compatibilityVersion = "Xcode 9.3";
			developmentRegion = en;
			hasScannedForEncodings = 0;
			knownRegions = (
				en,
				Base,
			);
			mainGroup = 1FF4E7A1219FE1B70020E9CC;
			productRefGroup = 1FF4E7AB219FE1B70020E9CC /* Products */;
			projectDirPath = "";
			projectRoot = "";
			targets = (
				1FF4E7A9219FE1B70020E9CC /* rosbank_techmadness */,
			);
		};
/* End PBXProject section */

/* Begin PBXResourcesBuildPhase section */
		1FF4E7A8219FE1B70020E9CC /* Resources */ = {
			isa = PBXResourcesBuildPhase;
			buildActionMask = 2147483647;
			files = (
				D217AA3221A045F3001C42CA /* Recovery.storyboard in Resources */,
				1F1D1DA021A08D2D00C5D423 /* Registration.storyboard in Resources */,
				D217AA22219FFC63001C42CA /* Login.storyboard in Resources */,
				1FF4E7B8219FE1BA0020E9CC /* LaunchScreen.storyboard in Resources */,
				1FE6B47C21A121A900CE2095 /* Reminder.storyboard in Resources */,
				1FF4E7B5219FE1BA0020E9CC /* Assets.xcassets in Resources */,
				1FF4E7B3219FE1B70020E9CC /* Main.storyboard in Resources */,
			);
			runOnlyForDeploymentPostprocessing = 0;
		};
/* End PBXResourcesBuildPhase section */

/* Begin PBXSourcesBuildPhase section */
		1FF4E7A6219FE1B70020E9CC /* Sources */ = {
			isa = PBXSourcesBuildPhase;
			buildActionMask = 2147483647;
			files = (
				D2F7734C21A12C9F00F96182 /* URLEncoded.swift in Sources */,
				1F1D1DA221A08DB100C5D423 /* RegistrationViewController.swift in Sources */,
				D2F7736321A164C600F96182 /* KeyboardDismissUIViewControllerExtension.swift in Sources */,
				D2F7736121A15C2400F96182 /* RecoveryRecordViewController.swift in Sources */,
				D217AA24219FFDA6001C42CA /* LoginViewController.swift in Sources */,
				D2F7735721A1432800F96182 /* Logic.swift in Sources */,
				1FF4E7C2219FEE760020E9CC /* MainViewController.swift in Sources */,
				D2F7735421A141FD00F96182 /* ReminderViewController.swift in Sources */,
				1FB70B8421A0BFDA00FEF914 /* RegistrationRecordViewController.swift in Sources */,
				1FF4E7AE219FE1B70020E9CC /* AppDelegate.swift in Sources */,
				D2F7736021A15C2400F96182 /* RecoveryCompleteViewController.swift in Sources */,
				D2F7734E21A1300800F96182 /* RegistrationCompleteViewController.swift in Sources */,
				D217AA3421A04BCC001C42CA /* RecoveryViewController.swift in Sources */,
				D2F7735D21A14FFF00F96182 /* NavigationViewController.swift in Sources */,
				D2F7734A21A12C4A00F96182 /* API.swift in Sources */,
			);
			runOnlyForDeploymentPostprocessing = 0;
		};
/* End PBXSourcesBuildPhase section */

/* Begin PBXVariantGroup section */
		1FF4E7B1219FE1B70020E9CC /* Main.storyboard */ = {
			isa = PBXVariantGroup;
			children = (
				1FF4E7B2219FE1B70020E9CC /* Base */,
			);
			name = Main.storyboard;
			sourceTree = "<group>";
		};
		1FF4E7B6219FE1BA0020E9CC /* LaunchScreen.storyboard */ = {
			isa = PBXVariantGroup;
			children = (
				1FF4E7B7219FE1BA0020E9CC /* Base */,
			);
			name = LaunchScreen.storyboard;
			sourceTree = "<group>";
		};
/* End PBXVariantGroup section */

/* Begin XCBuildConfiguration section */
		1FF4E7BA219FE1BA0020E9CC /* Debug */ = {
			isa = XCBuildConfiguration;
			buildSettings = {
				ALWAYS_SEARCH_USER_PATHS = NO;
				CLANG_ANALYZER_NONNULL = YES;
				CLANG_ANALYZER_NUMBER_OBJECT_CONVERSION = YES_AGGRESSIVE;
				CLANG_CXX_LANGUAGE_STANDARD = "gnu++14";
				CLANG_CXX_LIBRARY = "libc++";
				CLANG_ENABLE_MODULES = YES;
				CLANG_ENABLE_OBJC_ARC = YES;
				CLANG_ENABLE_OBJC_WEAK = YES;
				CLANG_WARN_BLOCK_CAPTURE_AUTORELEASING = YES;
				CLANG_WARN_BOOL_CONVERSION = YES;
				CLANG_WARN_COMMA = YES;
				CLANG_WARN_CONSTANT_CONVERSION = YES;
				CLANG_WARN_DEPRECATED_OBJC_IMPLEMENTATIONS = YES;
				CLANG_WARN_DIRECT_OBJC_ISA_USAGE = YES_ERROR;
				CLANG_WARN_DOCUMENTATION_COMMENTS = YES;
				CLANG_WARN_EMPTY_BODY = YES;
				CLANG_WARN_ENUM_CONVERSION = YES;
				CLANG_WARN_INFINITE_RECURSION = YES;
				CLANG_WARN_INT_CONVERSION = YES;
				CLANG_WARN_NON_LITERAL_NULL_CONVERSION = YES;
				CLANG_WARN_OBJC_IMPLICIT_RETAIN_SELF = YES;
				CLANG_WARN_OBJC_LITERAL_CONVERSION = YES;
				CLANG_WARN_OBJC_ROOT_CLASS = YES_ERROR;
				CLANG_WARN_RANGE_LOOP_ANALYSIS = YES;
				CLANG_WARN_STRICT_PROTOTYPES = YES;
				CLANG_WARN_SUSPICIOUS_MOVE = YES;
				CLANG_WARN_UNGUARDED_AVAILABILITY = YES_AGGRESSIVE;
				CLANG_WARN_UNREACHABLE_CODE = YES;
				CLANG_WARN__DUPLICATE_METHOD_MATCH = YES;
				CODE_SIGN_IDENTITY = "iPhone Developer";
				COPY_PHASE_STRIP = NO;
				DEBUG_INFORMATION_FORMAT = dwarf;
				ENABLE_STRICT_OBJC_MSGSEND = YES;
				ENABLE_TESTABILITY = YES;
				GCC_C_LANGUAGE_STANDARD = gnu11;
				GCC_DYNAMIC_NO_PIC = NO;
				GCC_NO_COMMON_BLOCKS = YES;
				GCC_OPTIMIZATION_LEVEL = 0;
				GCC_PREPROCESSOR_DEFINITIONS = (
					"DEBUG=1",
					"$(inherited)",
				);
				GCC_WARN_64_TO_32_BIT_CONVERSION = YES;
				GCC_WARN_ABOUT_RETURN_TYPE = YES_ERROR;
				GCC_WARN_UNDECLARED_SELECTOR = YES;
				GCC_WARN_UNINITIALIZED_AUTOS = YES_AGGRESSIVE;
				GCC_WARN_UNUSED_FUNCTION = YES;
				GCC_WARN_UNUSED_VARIABLE = YES;
				IPHONEOS_DEPLOYMENT_TARGET = 12.0;
				MTL_ENABLE_DEBUG_INFO = INCLUDE_SOURCE;
				MTL_FAST_MATH = YES;
				ONLY_ACTIVE_ARCH = YES;
				SDKROOT = iphoneos;
				SWIFT_ACTIVE_COMPILATION_CONDITIONS = DEBUG;
				SWIFT_OPTIMIZATION_LEVEL = "-Onone";
			};
			name = Debug;
		};
		1FF4E7BB219FE1BA0020E9CC /* Release */ = {
			isa = XCBuildConfiguration;
			buildSettings = {
				ALWAYS_SEARCH_USER_PATHS = NO;
				CLANG_ANALYZER_NONNULL = YES;
				CLANG_ANALYZER_NUMBER_OBJECT_CONVERSION = YES_AGGRESSIVE;
				CLANG_CXX_LANGUAGE_STANDARD = "gnu++14";
				CLANG_CXX_LIBRARY = "libc++";
				CLANG_ENABLE_MODULES = YES;
				CLANG_ENABLE_OBJC_ARC = YES;
				CLANG_ENABLE_OBJC_WEAK = YES;
				CLANG_WARN_BLOCK_CAPTURE_AUTORELEASING = YES;
				CLANG_WARN_BOOL_CONVERSION = YES;
				CLANG_WARN_COMMA = YES;
				CLANG_WARN_CONSTANT_CONVERSION = YES;
				CLANG_WARN_DEPRECATED_OBJC_IMPLEMENTATIONS = YES;
				CLANG_WARN_DIRECT_OBJC_ISA_USAGE = YES_ERROR;
				CLANG_WARN_DOCUMENTATION_COMMENTS = YES;
				CLANG_WARN_EMPTY_BODY = YES;
				CLANG_WARN_ENUM_CONVERSION = YES;
				CLANG_WARN_INFINITE_RECURSION = YES;
				CLANG_WARN_INT_CONVERSION = YES;
				CLANG_WARN_NON_LITERAL_NULL_CONVERSION = YES;
				CLANG_WARN_OBJC_IMPLICIT_RETAIN_SELF = YES;
				CLANG_WARN_OBJC_LITERAL_CONVERSION = YES;
				CLANG_WARN_OBJC_ROOT_CLASS = YES_ERROR;
				CLANG_WARN_RANGE_LOOP_ANALYSIS = YES;
				CLANG_WARN_STRICT_PROTOTYPES = YES;
				CLANG_WARN_SUSPICIOUS_MOVE = YES;
				CLANG_WARN_UNGUARDED_AVAILABILITY = YES_AGGRESSIVE;
				CLANG_WARN_UNREACHABLE_CODE = YES;
				CLANG_WARN__DUPLICATE_METHOD_MATCH = YES;
				CODE_SIGN_IDENTITY = "iPhone Developer";
				COPY_PHASE_STRIP = NO;
				DEBUG_INFORMATION_FORMAT = "dwarf-with-dsym";
				ENABLE_NS_ASSERTIONS = NO;
				ENABLE_STRICT_OBJC_MSGSEND = YES;
				GCC_C_LANGUAGE_STANDARD = gnu11;
				GCC_NO_COMMON_BLOCKS = YES;
				GCC_WARN_64_TO_32_BIT_CONVERSION = YES;
				GCC_WARN_ABOUT_RETURN_TYPE = YES_ERROR;
				GCC_WARN_UNDECLARED_SELECTOR = YES;
				GCC_WARN_UNINITIALIZED_AUTOS = YES_AGGRESSIVE;
				GCC_WARN_UNUSED_FUNCTION = YES;
				GCC_WARN_UNUSED_VARIABLE = YES;
				IPHONEOS_DEPLOYMENT_TARGET = 12.0;
				MTL_ENABLE_DEBUG_INFO = NO;
				MTL_FAST_MATH = YES;
				SDKROOT = iphoneos;
				SWIFT_COMPILATION_MODE = wholemodule;
				SWIFT_OPTIMIZATION_LEVEL = "-O";
				VALIDATE_PRODUCT = YES;
			};
			name = Release;
		};
		1FF4E7BD219FE1BA0020E9CC /* Debug */ = {
			isa = XCBuildConfiguration;
			buildSettings = {
				ASSETCATALOG_COMPILER_APPICON_NAME = AppIcon;
				CODE_SIGN_STYLE = Automatic;
				DEVELOPMENT_TEAM = 984G43HA9J;
				INFOPLIST_FILE = rosbank_techmadness/Info.plist;
				LD_RUNPATH_SEARCH_PATHS = (
					"$(inherited)",
					"@executable_path/Frameworks",
				);
				PRODUCT_BUNDLE_IDENTIFIER = "bmstu.rosbank-techmadness8";
				PRODUCT_NAME = "$(TARGET_NAME)";
				SWIFT_VERSION = 4.2;
				TARGETED_DEVICE_FAMILY = "1,2";
			};
			name = Debug;
		};
		1FF4E7BE219FE1BA0020E9CC /* Release */ = {
			isa = XCBuildConfiguration;
			buildSettings = {
				ASSETCATALOG_COMPILER_APPICON_NAME = AppIcon;
				CODE_SIGN_STYLE = Automatic;
				DEVELOPMENT_TEAM = 984G43HA9J;
				INFOPLIST_FILE = rosbank_techmadness/Info.plist;
				LD_RUNPATH_SEARCH_PATHS = (
					"$(inherited)",
					"@executable_path/Frameworks",
				);
				PRODUCT_BUNDLE_IDENTIFIER = "bmstu.rosbank-techmadness8";
				PRODUCT_NAME = "$(TARGET_NAME)";
				SWIFT_VERSION = 4.2;
				TARGETED_DEVICE_FAMILY = "1,2";
			};
			name = Release;
		};
/* End XCBuildConfiguration section */

/* Begin XCConfigurationList section */
		1FF4E7A5219FE1B70020E9CC /* Build configuration list for PBXProject "rosbank_techmadness" */ = {
			isa = XCConfigurationList;
			buildConfigurations = (
				1FF4E7BA219FE1BA0020E9CC /* Debug */,
				1FF4E7BB219FE1BA0020E9CC /* Release */,
			);
			defaultConfigurationIsVisible = 0;
			defaultConfigurationName = Release;
		};
		1FF4E7BC219FE1BA0020E9CC /* Build configuration list for PBXNativeTarget "rosbank_techmadness" */ = {
			isa = XCConfigurationList;
			buildConfigurations = (
				1FF4E7BD219FE1BA0020E9CC /* Debug */,
				1FF4E7BE219FE1BA0020E9CC /* Release */,
			);
			defaultConfigurationIsVisible = 0;
			defaultConfigurationName = Release;
		};
/* End XCConfigurationList section */
	};
	rootObject = 1FF4E7A2219FE1B70020E9CC /* Project object */;
}
